{
  "version": "3",
  "packages": {
    "specifiers": {
      "jsr:@deno/cache-dir@^0.8.0": "jsr:@deno/cache-dir@0.8.0",
      "jsr:@deno/graph@^0.69.7": "jsr:@deno/graph@0.69.10",
      "jsr:@miyauci/esbuild-deno-specifier@1.0.0-beta.4": "jsr:@miyauci/esbuild-deno-specifier@1.0.0-beta.4",
      "jsr:@miyauci/esbuild-deno-specifier@1.0.0-beta.6": "jsr:@miyauci/esbuild-deno-specifier@1.0.0-beta.6",
      "jsr:@miyauci/esbuild-import-map@1.0.0-beta.1": "jsr:@miyauci/esbuild-import-map@1.0.0-beta.1",
      "jsr:@miyauci/format@^1": "jsr:@miyauci/format@1.1.0",
      "jsr:@miyauci/format@^1.1.0": "jsr:@miyauci/format@1.1.0",
      "jsr:@miyauci/node-esm-resolver@1.0.0-beta.8": "jsr:@miyauci/node-esm-resolver@1.0.0-beta.8",
      "jsr:@std/assert@^0.218.2": "jsr:@std/assert@0.218.2",
      "jsr:@std/assert@^0.221.0": "jsr:@std/assert@0.221.0",
      "jsr:@std/assert@^0.224.0": "jsr:@std/assert@0.224.0",
      "jsr:@std/assert@^0.225.0": "jsr:@std/assert@0.225.3",
      "jsr:@std/assert@^0.225.1": "jsr:@std/assert@0.225.3",
      "jsr:@std/assert@^0.225.2": "jsr:@std/assert@0.225.3",
      "jsr:@std/assert@^0.225.3": "jsr:@std/assert@0.225.3",
      "jsr:@std/bytes@^0.218.2": "jsr:@std/bytes@0.218.2",
      "jsr:@std/collections": "jsr:@std/collections@0.221.0",
      "jsr:@std/collections@^0.221.0": "jsr:@std/collections@0.221.0",
      "jsr:@std/collections@^0.224.1": "jsr:@std/collections@0.224.2",
      "jsr:@std/collections@^0.224.2": "jsr:@std/collections@0.224.2",
      "jsr:@std/expect@^0.224.2": "jsr:@std/expect@0.224.2",
      "jsr:@std/fmt@^0.218.2": "jsr:@std/fmt@0.218.2",
      "jsr:@std/fmt@^0.225.0": "jsr:@std/fmt@0.225.1",
      "jsr:@std/fs@^0.218.2": "jsr:@std/fs@0.218.2",
      "jsr:@std/fs@^0.221.0": "jsr:@std/fs@0.221.0",
      "jsr:@std/fs@^0.229.0": "jsr:@std/fs@0.229.0",
      "jsr:@std/fs@^0.229.1": "jsr:@std/fs@0.229.1",
      "jsr:@std/internal@^1.0.0": "jsr:@std/internal@1.0.0",
      "jsr:@std/io@^0.218.2": "jsr:@std/io@0.218.2",
      "jsr:@std/io@^0.224.0": "jsr:@std/io@0.224.0",
      "jsr:@std/json@^0.221.0": "jsr:@std/json@0.221.0",
      "jsr:@std/log@^0.224.0": "jsr:@std/log@0.224.1",
      "jsr:@std/log@^0.224.1": "jsr:@std/log@0.224.1",
      "jsr:@std/path": "jsr:@std/path@0.225.0",
      "jsr:@std/path@0.225.0": "jsr:@std/path@0.225.0",
      "jsr:@std/path@^0.218.2": "jsr:@std/path@0.218.2",
      "jsr:@std/path@^0.221.0": "jsr:@std/path@0.221.0",
      "jsr:@std/path@^0.224.0": "jsr:@std/path@0.224.0",
      "jsr:@std/path@^0.225.1": "jsr:@std/path@0.225.1",
      "jsr:@std/regexp": "jsr:@std/regexp@0.221.0",
      "jsr:@std/regexp@^0.221.0": "jsr:@std/regexp@0.221.0",
      "jsr:@std/regexp@^0.224.1": "jsr:@std/regexp@0.224.1",
      "jsr:@std/testing@^0.224.0": "jsr:@std/testing@0.224.0",
      "jsr:@std/url@^0.221.0": "jsr:@std/url@0.221.0",
      "jsr:@std/url@^0.224.0": "jsr:@std/url@0.224.0",
      "jsr:@unional/path-equal@^1.2.5": "jsr:@unional/path-equal@1.2.5",
      "npm:@types/node": "npm:@types/node@18.16.19",
      "npm:@types/react@^18": "npm:@types/react@18.3.3",
      "npm:esbuild@^0.20.0": "npm:esbuild@0.20.2",
      "npm:esbuild@^0.20.2": "npm:esbuild@0.20.2",
      "npm:esbuild@^0.21.0": "npm:esbuild@0.21.4",
      "npm:esbuild@^0.21.4": "npm:esbuild@0.21.4",
      "npm:esbuild@^0.22.0": "npm:esbuild@0.22.0",
      "npm:react": "npm:react@18.3.1",
      "npm:react@^18": "npm:react@18.3.1"
    },
    "jsr": {
      "@deno/cache-dir@0.8.0": {
        "integrity": "e87e80a404958f6350d903e6238b72afb92468378b0b32111f7a1e4916ac7fe7",
        "dependencies": [
          "jsr:@deno/graph@^0.69.7",
          "jsr:@std/fmt@^0.218.2",
          "jsr:@std/fs@^0.218.2",
          "jsr:@std/io@^0.218.2",
          "jsr:@std/path@^0.218.2"
        ]
      },
      "@deno/graph@0.69.10": {
        "integrity": "38fe22ac5686f6ece5daeec5a4df65c6314d7d32adcc33f77917a13cfaffa26f"
      },
      "@miyauci/esbuild-deno-specifier@1.0.0-beta.4": {
        "integrity": "d84c8c6e8417cae67229a5ab3bca620a89213a969a7dbcf8cdd4717211b5ea16",
        "dependencies": [
          "jsr:@deno/cache-dir@^0.8.0",
          "jsr:@miyauci/format@^1",
          "jsr:@miyauci/node-esm-resolver@1.0.0-beta.8",
          "jsr:@std/fs@^0.221.0",
          "jsr:@std/log@^0.224.0",
          "jsr:@std/path@0.225.0",
          "jsr:@std/path@^0.221.0",
          "jsr:@std/path@^0.224.0",
          "jsr:@std/url@^0.221.0",
          "jsr:@unional/path-equal@^1.2.5",
          "npm:esbuild@^0.20.2"
        ]
      },
      "@miyauci/esbuild-deno-specifier@1.0.0-beta.6": {
        "integrity": "9241dba41c9e76ce5cecb948dcf21486a3c768555cd1feba1ce0f5334501fd0b",
        "dependencies": [
          "jsr:@deno/cache-dir@^0.8.0",
          "jsr:@miyauci/format@^1.1.0",
          "jsr:@miyauci/node-esm-resolver@1.0.0-beta.8",
          "jsr:@std/fs@^0.229.1",
          "jsr:@std/log@^0.224.1",
          "jsr:@std/path@0.225.0",
          "jsr:@std/path@^0.225.1",
          "jsr:@std/url@^0.224.0",
          "jsr:@unional/path-equal@^1.2.5",
          "npm:esbuild@^0.21.4"
        ]
      },
      "@miyauci/esbuild-import-map@1.0.0-beta.1": {
        "integrity": "2c53e29fed8aad6084e8ba143075b6df38e3a72a87d349d07d286cb7a026fe39",
        "dependencies": [
          "jsr:@std/collections@^0.224.1",
          "jsr:@std/path@^0.225.1",
          "jsr:@std/regexp@^0.224.1",
          "npm:esbuild@^0.21.0"
        ]
      },
      "@miyauci/format@1.1.0": {
        "integrity": "28467f7b2f50c3bef19bdb73f3e0ee348e4171883c37fcf7bf2ae5277c45925a",
        "dependencies": [
          "jsr:@std/regexp@^0.221.0"
        ]
      },
      "@miyauci/node-esm-resolver@1.0.0-beta.8": {
        "integrity": "ab4de0ae1fc99f925cf78061ab2c323e686111200b66ca4a78e027426b4f96b5",
        "dependencies": [
          "jsr:@miyauci/format@^1.1.0",
          "jsr:@std/collections@^0.221.0",
          "jsr:@std/json@^0.221.0",
          "jsr:@std/path@^0.221.0",
          "jsr:@std/regexp@^0.221.0",
          "jsr:@std/url@^0.221.0"
        ]
      },
      "@std/assert@0.218.2": {
        "integrity": "7f0a5a1a8cf86607cd6c2c030584096e1ffad27fc9271429a8cb48cfbdee5eaf"
      },
      "@std/assert@0.221.0": {
        "integrity": "a5f1aa6e7909dbea271754fd4ab3f4e687aeff4873b4cef9a320af813adb489a"
      },
      "@std/assert@0.224.0": {
        "integrity": "8643233ec7aec38a940a8264a6e3eed9bfa44e7a71cc6b3c8874213ff401967f"
      },
      "@std/assert@0.225.3": {
        "integrity": "b3c2847aecf6955b50644cdb9cf072004ea3d1998dd7579fc0acb99dbb23bd4f",
        "dependencies": [
          "jsr:@std/internal@^1.0.0"
        ]
      },
      "@std/bytes@0.218.2": {
        "integrity": "91fe54b232dcca73856b79a817247f4a651dbb60d51baafafb6408c137241670"
      },
      "@std/collections@0.221.0": {
        "integrity": "789a365bb79b06c4da79d2b93fe32ddfe03b93ab083e72c1de96303d12f84be5"
      },
      "@std/collections@0.224.2": {
        "integrity": "e77819455294e92d4e7ddad1dbfd46f94174c09318e541e6621fac4a4d0ab326"
      },
      "@std/expect@0.224.2": {
        "integrity": "789ba764319503b1669b54fad2d279f35fe708247548878c5fb44e0cacc40a8e",
        "dependencies": [
          "jsr:@std/assert@^0.225.3",
          "jsr:@std/internal@^1.0.0"
        ]
      },
      "@std/fmt@0.218.2": {
        "integrity": "99526449d2505aa758b6cbef81e7dd471d8b28ec0dcb1491d122b284c548788a"
      },
      "@std/fmt@0.225.0": {
        "integrity": "982e7d1a8b8869338cc5b58e2669f7c6889ea9822f1278494dc43edba7f4c4b4"
      },
      "@std/fmt@0.225.1": {
        "integrity": "44a8cb375d7344adb3cb0208b85ea0bde7cdc15224c11188c85e733834ffe356"
      },
      "@std/fs@0.218.2": {
        "integrity": "dd9431453f7282e8c577cc22c9e6d036055a9a980b5549f887d6012969fabcca"
      },
      "@std/fs@0.221.0": {
        "integrity": "028044450299de8ed5a716ade4e6d524399f035513b85913794f4e81f07da286",
        "dependencies": [
          "jsr:@std/assert@^0.221.0",
          "jsr:@std/path@^0.221.0"
        ]
      },
      "@std/fs@0.229.0": {
        "integrity": "c353340334dd25b879c4e6e72371b2664da2bd41b633b5837c7249c04d90903d"
      },
      "@std/fs@0.229.1": {
        "integrity": "38d3fb31f0ca0a8c1118e039939188f32e291a3f7f17dc0868fec22024bdfadd"
      },
      "@std/internal@1.0.0": {
        "integrity": "ac6a6dfebf838582c4b4f61a6907374e27e05bedb6ce276e0f1608fe84e7cd9a"
      },
      "@std/io@0.218.2": {
        "integrity": "c64fbfa087b7c9d4d386c5672f291f607d88cb7d44fc299c20c713e345f2785f",
        "dependencies": [
          "jsr:@std/assert@^0.218.2",
          "jsr:@std/bytes@^0.218.2"
        ]
      },
      "@std/io@0.224.0": {
        "integrity": "0aff885d21d829c050b8a08b1d71b54aed5841aecf227f8d77e99ec529a11e8e"
      },
      "@std/json@0.221.0": {
        "integrity": "3e63d5fe37c5256b9db345d42c11b57c850aa501bc6464d310e4836b85631b5e"
      },
      "@std/log@0.224.1": {
        "integrity": "243688532289298670034915da5e2987cc544938c566c7d508afb7e06ec3fe9d",
        "dependencies": [
          "jsr:@std/assert@^0.225.1",
          "jsr:@std/fmt@^0.225.0",
          "jsr:@std/fs@^0.229.0",
          "jsr:@std/io@^0.224.0"
        ]
      },
      "@std/path@0.218.2": {
        "integrity": "b568fd923d9e53ad76d17c513e7310bda8e755a3e825e6289a0ce536404e2662",
        "dependencies": [
          "jsr:@std/assert@^0.218.2"
        ]
      },
      "@std/path@0.221.0": {
        "integrity": "0a36f6b17314ef653a3a1649740cc8db51b25a133ecfe838f20b79a56ebe0095",
        "dependencies": [
          "jsr:@std/assert@^0.221.0"
        ]
      },
      "@std/path@0.224.0": {
        "integrity": "55bca6361e5a6d158b9380e82d4981d82d338ec587de02951e2b7c3a24910ee6",
        "dependencies": [
          "jsr:@std/assert@^0.224.0"
        ]
      },
      "@std/path@0.225.0": {
        "integrity": "044ed8d9ca76fa997ff1d30d48fc7756b4389bf6ce1ff9710633a2d174343bb3",
        "dependencies": [
          "jsr:@std/assert@^0.225.0"
        ]
      },
      "@std/path@0.225.1": {
        "integrity": "8c3220635a73730eb51fe43de9e10b79e2724a5bb8638b9355d35ae012fd9429",
        "dependencies": [
          "jsr:@std/assert@^0.225.2"
        ]
      },
      "@std/regexp@0.221.0": {
        "integrity": "6ef49d56386414ed448252aeda15573087b69eb2c4b59dd7390506cc76ac7f6d"
      },
      "@std/regexp@0.224.1": {
        "integrity": "9d49636ebcfe111db1f3f2c85180497baf2d3f83b6abfe89a493c8a356cf24bc"
      },
      "@std/testing@0.224.0": {
        "integrity": "371b8a929aa7132240d5dd766a439be8f780ef5c176ab194e0bcab72370c761e"
      },
      "@std/url@0.221.0": {
        "integrity": "ff19961e6ef86c934cffb788a3e8cd1db7460729c88acf6d5cd4daab52cfa1ad",
        "dependencies": [
          "jsr:@std/path@^0.221.0"
        ]
      },
      "@std/url@0.224.0": {
        "integrity": "72f39adb5229607bff8d7d39154a801d25105e4084dbce1c60fedd5741258d43",
        "dependencies": [
          "jsr:@std/path@^0.224.0"
        ]
      },
      "@unional/path-equal@1.2.5": {
        "integrity": "f9f87156f49d5c8f61dbfb768a81bb96157545dc2f853efe64711cd564d64ca7"
      }
    },
    "npm": {
      "@esbuild/aix-ppc64@0.20.2": {
        "integrity": "sha512-D+EBOJHXdNZcLJRBkhENNG8Wji2kgc9AZ9KiPr1JuZjsNtyHzrsfLRrY0tk2H2aoFu6RANO1y1iPPUCDYWkb5g==",
        "dependencies": {}
      },
      "@esbuild/aix-ppc64@0.21.4": {
        "integrity": "sha512-Zrm+B33R4LWPLjDEVnEqt2+SLTATlru1q/xYKVn8oVTbiRBGmK2VIMoIYGJDGyftnGaC788IuzGFAlb7IQ0Y8A==",
        "dependencies": {}
      },
      "@esbuild/aix-ppc64@0.22.0": {
        "integrity": "sha512-uvQR2crZ/zgzSHDvdygHyNI+ze9zwS8mqz0YtGXotSqvEE0UkYE9s+FZKQNTt1VtT719mfP3vHrUdCpxBNQZhQ==",
        "dependencies": {}
      },
      "@esbuild/android-arm64@0.20.2": {
        "integrity": "sha512-mRzjLacRtl/tWU0SvD8lUEwb61yP9cqQo6noDZP/O8VkwafSYwZ4yWy24kan8jE/IMERpYncRt2dw438LP3Xmg==",
        "dependencies": {}
      },
      "@esbuild/android-arm64@0.21.4": {
        "integrity": "sha512-fYFnz+ObClJ3dNiITySBUx+oNalYUT18/AryMxfovLkYWbutXsct3Wz2ZWAcGGppp+RVVX5FiXeLYGi97umisA==",
        "dependencies": {}
      },
      "@esbuild/android-arm64@0.22.0": {
        "integrity": "sha512-UKhPb3o2gAB/bfXcl58ZXTn1q2oVu1rEu/bKrCtmm+Nj5MKUbrOwR5WAixE2v+lk0amWuwPvhnPpBRLIGiq7ig==",
        "dependencies": {}
      },
      "@esbuild/android-arm@0.20.2": {
        "integrity": "sha512-t98Ra6pw2VaDhqNWO2Oph2LXbz/EJcnLmKLGBJwEwXX/JAN83Fym1rU8l0JUWK6HkIbWONCSSatf4sf2NBRx/w==",
        "dependencies": {}
      },
      "@esbuild/android-arm@0.21.4": {
        "integrity": "sha512-E7H/yTd8kGQfY4z9t3nRPk/hrhaCajfA3YSQSBrst8B+3uTcgsi8N+ZWYCaeIDsiVs6m65JPCaQN/DxBRclF3A==",
        "dependencies": {}
      },
      "@esbuild/android-arm@0.22.0": {
        "integrity": "sha512-PBnyP+r8vJE4ifxsWys9l+Mc2UY/yYZOpX82eoyGISXXb3dRr0M21v+s4fgRKWMFPMSf/iyowqPW/u7ScSUkjQ==",
        "dependencies": {}
      },
      "@esbuild/android-x64@0.20.2": {
        "integrity": "sha512-btzExgV+/lMGDDa194CcUQm53ncxzeBrWJcncOBxuC6ndBkKxnHdFJn86mCIgTELsooUmwUm9FkhSp5HYu00Rg==",
        "dependencies": {}
      },
      "@esbuild/android-x64@0.21.4": {
        "integrity": "sha512-mDqmlge3hFbEPbCWxp4fM6hqq7aZfLEHZAKGP9viq9wMUBVQx202aDIfc3l+d2cKhUJM741VrCXEzRFhPDKH3Q==",
        "dependencies": {}
      },
      "@esbuild/android-x64@0.22.0": {
        "integrity": "sha512-IjTYtvIrjhR41Ijy2dDPgYjQHWG/x/A4KXYbs1fiU3efpRdoxMChK3oEZV6GPzVEzJqxFgcuBaiX1kwEvWUxSw==",
        "dependencies": {}
      },
      "@esbuild/darwin-arm64@0.20.2": {
        "integrity": "sha512-4J6IRT+10J3aJH3l1yzEg9y3wkTDgDk7TSDFX+wKFiWjqWp/iCfLIYzGyasx9l0SAFPT1HwSCR+0w/h1ES/MjA==",
        "dependencies": {}
      },
      "@esbuild/darwin-arm64@0.21.4": {
        "integrity": "sha512-72eaIrDZDSiWqpmCzVaBD58c8ea8cw/U0fq/PPOTqE3c53D0xVMRt2ooIABZ6/wj99Y+h4ksT/+I+srCDLU9TA==",
        "dependencies": {}
      },
      "@esbuild/darwin-arm64@0.22.0": {
        "integrity": "sha512-mqt+Go4y9wRvEz81bhKd9RpHsQR1LwU8Xm6jZRUV/xpM7cIQFbFH6wBCLPTNsdELBvfoHeumud7X78jQQJv2TA==",
        "dependencies": {}
      },
      "@esbuild/darwin-x64@0.20.2": {
        "integrity": "sha512-tBcXp9KNphnNH0dfhv8KYkZhjc+H3XBkF5DKtswJblV7KlT9EI2+jeA8DgBjp908WEuYll6pF+UStUCfEpdysA==",
        "dependencies": {}
      },
      "@esbuild/darwin-x64@0.21.4": {
        "integrity": "sha512-uBsuwRMehGmw1JC7Vecu/upOjTsMhgahmDkWhGLWxIgUn2x/Y4tIwUZngsmVb6XyPSTXJYS4YiASKPcm9Zitag==",
        "dependencies": {}
      },
      "@esbuild/darwin-x64@0.22.0": {
        "integrity": "sha512-vTaTQ9OgYc3VTaWtOE5pSuDT6H3d/qSRFRfSBbnxFfzAvYoB3pqKXA0LEbi/oT8GUOEAutspfRMqPj2ezdFaMw==",
        "dependencies": {}
      },
      "@esbuild/freebsd-arm64@0.20.2": {
        "integrity": "sha512-d3qI41G4SuLiCGCFGUrKsSeTXyWG6yem1KcGZVS+3FYlYhtNoNgYrWcvkOoaqMhwXSMrZRl69ArHsGJ9mYdbbw==",
        "dependencies": {}
      },
      "@esbuild/freebsd-arm64@0.21.4": {
        "integrity": "sha512-8JfuSC6YMSAEIZIWNL3GtdUT5NhUA/CMUCpZdDRolUXNAXEE/Vbpe6qlGLpfThtY5NwXq8Hi4nJy4YfPh+TwAg==",
        "dependencies": {}
      },
      "@esbuild/freebsd-arm64@0.22.0": {
        "integrity": "sha512-0e1ZgoobJzaGnR4reD7I9rYZ7ttqdh1KPvJWnquUoDJhL0rYwdneeLailBzd2/4g/U5p4e5TIHEWa68NF2hFpQ==",
        "dependencies": {}
      },
      "@esbuild/freebsd-x64@0.20.2": {
        "integrity": "sha512-d+DipyvHRuqEeM5zDivKV1KuXn9WeRX6vqSqIDgwIfPQtwMP4jaDsQsDncjTDDsExT4lR/91OLjRo8bmC1e+Cw==",
        "dependencies": {}
      },
      "@esbuild/freebsd-x64@0.21.4": {
        "integrity": "sha512-8d9y9eQhxv4ef7JmXny7591P/PYsDFc4+STaxC1GBv0tMyCdyWfXu2jBuqRsyhY8uL2HU8uPyscgE2KxCY9imQ==",
        "dependencies": {}
      },
      "@esbuild/freebsd-x64@0.22.0": {
        "integrity": "sha512-BFgyYwlCwRWyPQJtkzqq2p6pJbiiWgp0P9PNf7a5FQ1itKY4czPuOMAlFVItirSmEpRPCeImuwePNScZS0pL5Q==",
        "dependencies": {}
      },
      "@esbuild/linux-arm64@0.20.2": {
        "integrity": "sha512-9pb6rBjGvTFNira2FLIWqDk/uaf42sSyLE8j1rnUpuzsODBq7FvpwHYZxQ/It/8b+QOS1RYfqgGFNLRI+qlq2A==",
        "dependencies": {}
      },
      "@esbuild/linux-arm64@0.21.4": {
        "integrity": "sha512-/GLD2orjNU50v9PcxNpYZi+y8dJ7e7/LhQukN3S4jNDXCKkyyiyAz9zDw3siZ7Eh1tRcnCHAo/WcqKMzmi4eMQ==",
        "dependencies": {}
      },
      "@esbuild/linux-arm64@0.22.0": {
        "integrity": "sha512-V/K2rctCUgC0PCXpN7AqT4hoazXKgIYugFGu/myk2+pfe6jTW2guz/TBwq4cZ7ESqusR/IzkcQaBkcjquuBWsw==",
        "dependencies": {}
      },
      "@esbuild/linux-arm@0.20.2": {
        "integrity": "sha512-VhLPeR8HTMPccbuWWcEUD1Az68TqaTYyj6nfE4QByZIQEQVWBB8vup8PpR7y1QHL3CpcF6xd5WVBU/+SBEvGTg==",
        "dependencies": {}
      },
      "@esbuild/linux-arm@0.21.4": {
        "integrity": "sha512-2rqFFefpYmpMs+FWjkzSgXg5vViocqpq5a1PSRgT0AvSgxoXmGF17qfGAzKedg6wAwyM7UltrKVo9kxaJLMF/g==",
        "dependencies": {}
      },
      "@esbuild/linux-arm@0.22.0": {
        "integrity": "sha512-KEMWiA9aGuPUD4BH5yjlhElLgaRXe+Eri6gKBoDazoPBTo1BXc/e6IW5FcJO9DoL19FBeCxgONyh95hLDNepIg==",
        "dependencies": {}
      },
      "@esbuild/linux-ia32@0.20.2": {
        "integrity": "sha512-o10utieEkNPFDZFQm9CoP7Tvb33UutoJqg3qKf1PWVeeJhJw0Q347PxMvBgVVFgouYLGIhFYG0UGdBumROyiig==",
        "dependencies": {}
      },
      "@esbuild/linux-ia32@0.21.4": {
        "integrity": "sha512-pNftBl7m/tFG3t2m/tSjuYeWIffzwAZT9m08+9DPLizxVOsUl8DdFzn9HvJrTQwe3wvJnwTdl92AonY36w/25g==",
        "dependencies": {}
      },
      "@esbuild/linux-ia32@0.22.0": {
        "integrity": "sha512-r2ZZqkOMOrpUhzNwxI7uLAHIDwkfeqmTnrv1cjpL/rjllPWszgqmprd/om9oviKXUBpMqHbXmppvjAYgISb26Q==",
        "dependencies": {}
      },
      "@esbuild/linux-loong64@0.20.2": {
        "integrity": "sha512-PR7sp6R/UC4CFVomVINKJ80pMFlfDfMQMYynX7t1tNTeivQ6XdX5r2XovMmha/VjR1YN/HgHWsVcTRIMkymrgQ==",
        "dependencies": {}
      },
      "@esbuild/linux-loong64@0.21.4": {
        "integrity": "sha512-cSD2gzCK5LuVX+hszzXQzlWya6c7hilO71L9h4KHwqI4qeqZ57bAtkgcC2YioXjsbfAv4lPn3qe3b00Zt+jIfQ==",
        "dependencies": {}
      },
      "@esbuild/linux-loong64@0.22.0": {
        "integrity": "sha512-qaowLrV/YOMAL2RfKQ4C/VaDzAuLDuylM2sd/LH+4OFirMl6CuDpRlCq4u49ZBaVV8pkI/Y+hTdiibvQRhojCA==",
        "dependencies": {}
      },
      "@esbuild/linux-mips64el@0.20.2": {
        "integrity": "sha512-4BlTqeutE/KnOiTG5Y6Sb/Hw6hsBOZapOVF6njAESHInhlQAghVVZL1ZpIctBOoTFbQyGW+LsVYZ8lSSB3wkjA==",
        "dependencies": {}
      },
      "@esbuild/linux-mips64el@0.21.4": {
        "integrity": "sha512-qtzAd3BJh7UdbiXCrg6npWLYU0YpufsV9XlufKhMhYMJGJCdfX/G6+PNd0+v877X1JG5VmjBLUiFB0o8EUSicA==",
        "dependencies": {}
      },
      "@esbuild/linux-mips64el@0.22.0": {
        "integrity": "sha512-hgrezzjQTRxjkQ5k08J6rtZN5PNnkWx/Rz6Kmj9gnsdCAX1I4Dn4ZPqvFRkXo55Q3pnVQJBwbdtrTO7tMGtyVA==",
        "dependencies": {}
      },
      "@esbuild/linux-ppc64@0.20.2": {
        "integrity": "sha512-rD3KsaDprDcfajSKdn25ooz5J5/fWBylaaXkuotBDGnMnDP1Uv5DLAN/45qfnf3JDYyJv/ytGHQaziHUdyzaAg==",
        "dependencies": {}
      },
      "@esbuild/linux-ppc64@0.21.4": {
        "integrity": "sha512-yB8AYzOTaL0D5+2a4xEy7OVvbcypvDR05MsB/VVPVA7nL4hc5w5Dyd/ddnayStDgJE59fAgNEOdLhBxjfx5+dg==",
        "dependencies": {}
      },
      "@esbuild/linux-ppc64@0.22.0": {
        "integrity": "sha512-ewxg6FLLUio883XgSjfULEmDl3VPv/TYNnRprVAS3QeGFLdCYdx1tIudBcd7n9jIdk82v1Ajov4jx87qW7h9+g==",
        "dependencies": {}
      },
      "@esbuild/linux-riscv64@0.20.2": {
        "integrity": "sha512-snwmBKacKmwTMmhLlz/3aH1Q9T8v45bKYGE3j26TsaOVtjIag4wLfWSiZykXzXuE1kbCE+zJRmwp+ZbIHinnVg==",
        "dependencies": {}
      },
      "@esbuild/linux-riscv64@0.21.4": {
        "integrity": "sha512-Y5AgOuVzPjQdgU59ramLoqSSiXddu7F3F+LI5hYy/d1UHN7K5oLzYBDZe23QmQJ9PIVUXwOdKJ/jZahPdxzm9w==",
        "dependencies": {}
      },
      "@esbuild/linux-riscv64@0.22.0": {
        "integrity": "sha512-Az5XbgSJC2lE8XK8pdcutsf9RgdafWdTpUK/+6uaDdfkviw/B4JCwAfh1qVeRWwOohwdsl4ywZrWBNWxwrPLFg==",
        "dependencies": {}
      },
      "@esbuild/linux-s390x@0.20.2": {
        "integrity": "sha512-wcWISOobRWNm3cezm5HOZcYz1sKoHLd8VL1dl309DiixxVFoFe/o8HnwuIwn6sXre88Nwj+VwZUvJf4AFxkyrQ==",
        "dependencies": {}
      },
      "@esbuild/linux-s390x@0.21.4": {
        "integrity": "sha512-Iqc/l/FFwtt8FoTK9riYv9zQNms7B8u+vAI/rxKuN10HgQIXaPzKZc479lZ0x6+vKVQbu55GdpYpeNWzjOhgbA==",
        "dependencies": {}
      },
      "@esbuild/linux-s390x@0.22.0": {
        "integrity": "sha512-8j4a2ChT9+V34NNNY9c/gMldutaJFmfMacTPq4KfNKwv2fitBCLYjee7c+Vxaha2nUhPK7cXcZpJtJ3+Y7ZdVQ==",
        "dependencies": {}
      },
      "@esbuild/linux-x64@0.20.2": {
        "integrity": "sha512-1MdwI6OOTsfQfek8sLwgyjOXAu+wKhLEoaOLTjbijk6E2WONYpH9ZU2mNtR+lZ2B4uwr+usqGuVfFT9tMtGvGw==",
        "dependencies": {}
      },
      "@esbuild/linux-x64@0.21.4": {
        "integrity": "sha512-Td9jv782UMAFsuLZINfUpoF5mZIbAj+jv1YVtE58rFtfvoKRiKSkRGQfHTgKamLVT/fO7203bHa3wU122V/Bdg==",
        "dependencies": {}
      },
      "@esbuild/linux-x64@0.22.0": {
        "integrity": "sha512-JUQyOnpbAkkRFOk/AhsEemz5TfWN4FJZxVObUlnlNCbe7QBl61ZNfM4cwBXayQA6laMJMUcqLHaYQHAB6YQ95Q==",
        "dependencies": {}
      },
      "@esbuild/netbsd-x64@0.20.2": {
        "integrity": "sha512-K8/DhBxcVQkzYc43yJXDSyjlFeHQJBiowJ0uVL6Tor3jGQfSGHNNJcWxNbOI8v5k82prYqzPuwkzHt3J1T1iZQ==",
        "dependencies": {}
      },
      "@esbuild/netbsd-x64@0.21.4": {
        "integrity": "sha512-Awn38oSXxsPMQxaV0Ipb7W/gxZtk5Tx3+W+rAPdZkyEhQ6968r9NvtkjhnhbEgWXYbgV+JEONJ6PcdBS+nlcpA==",
        "dependencies": {}
      },
      "@esbuild/netbsd-x64@0.22.0": {
        "integrity": "sha512-11PoCoHXo4HFNbLsXuMB6bpMPWGDiw7xETji6COdJss4SQZLvcgNoeSqWtATRm10Jj1uEHiaIk4N0PiN6x4Fcg==",
        "dependencies": {}
      },
      "@esbuild/openbsd-arm64@0.22.0": {
        "integrity": "sha512-Ezlhu/YyITmXwKSB+Zu/QqD7cxrjrpiw85cc0Rbd3AWr2wsgp+dWbWOE8MqHaLW9NKMZvuL0DhbJbvzR7F6Zvg==",
        "dependencies": {}
      },
      "@esbuild/openbsd-x64@0.20.2": {
        "integrity": "sha512-eMpKlV0SThJmmJgiVyN9jTPJ2VBPquf6Kt/nAoo6DgHAoN57K15ZghiHaMvqjCye/uU4X5u3YSMgVBI1h3vKrQ==",
        "dependencies": {}
      },
      "@esbuild/openbsd-x64@0.21.4": {
        "integrity": "sha512-IsUmQeCY0aU374R82fxIPu6vkOybWIMc3hVGZ3ChRwL9hA1TwY+tS0lgFWV5+F1+1ssuvvXt3HFqe8roCip8Hg==",
        "dependencies": {}
      },
      "@esbuild/openbsd-x64@0.22.0": {
        "integrity": "sha512-ufjdW5tFJGUjlH9j/5cCE9lrwRffyZh+T4vYvoDKoYsC6IXbwaFeV/ENxeNXcxotF0P8CDzoICXVSbJaGBhkrw==",
        "dependencies": {}
      },
      "@esbuild/sunos-x64@0.20.2": {
        "integrity": "sha512-2UyFtRC6cXLyejf/YEld4Hajo7UHILetzE1vsRcGL3earZEW77JxrFjH4Ez2qaTiEfMgAXxfAZCm1fvM/G/o8w==",
        "dependencies": {}
      },
      "@esbuild/sunos-x64@0.21.4": {
        "integrity": "sha512-hsKhgZ4teLUaDA6FG/QIu2q0rI6I36tZVfM4DBZv3BG0mkMIdEnMbhc4xwLvLJSS22uWmaVkFkqWgIS0gPIm+A==",
        "dependencies": {}
      },
      "@esbuild/sunos-x64@0.22.0": {
        "integrity": "sha512-zY6ly/AoSmKnmNTowDJsK5ehra153/5ZhqxNLfq9NRsTTltetr+yHHcQ4RW7QDqw4JC8A1uC1YmeSfK9NRcK1w==",
        "dependencies": {}
      },
      "@esbuild/win32-arm64@0.20.2": {
        "integrity": "sha512-GRibxoawM9ZCnDxnP3usoUDO9vUkpAxIIZ6GQI+IlVmr5kP3zUq+l17xELTHMWTWzjxa2guPNyrpq1GWmPvcGQ==",
        "dependencies": {}
      },
      "@esbuild/win32-arm64@0.21.4": {
        "integrity": "sha512-UUfMgMoXPoA/bvGUNfUBFLCh0gt9dxZYIx9W4rfJr7+hKe5jxxHmfOK8YSH4qsHLLN4Ck8JZ+v7Q5fIm1huErg==",
        "dependencies": {}
      },
      "@esbuild/win32-arm64@0.22.0": {
        "integrity": "sha512-Kml5F7tv/1Maam0pbbCrvkk9vj046dPej30kFzlhXnhuCtYYBP6FGy/cLbc5yUT1lkZznGLf2OvuvmLjscO5rw==",
        "dependencies": {}
      },
      "@esbuild/win32-ia32@0.20.2": {
        "integrity": "sha512-HfLOfn9YWmkSKRQqovpnITazdtquEW8/SoHW7pWpuEeguaZI4QnCRW6b+oZTztdBnZOS2hqJ6im/D5cPzBTTlQ==",
        "dependencies": {}
      },
      "@esbuild/win32-ia32@0.21.4": {
        "integrity": "sha512-yIxbspZb5kGCAHWm8dexALQ9en1IYDfErzjSEq1KzXFniHv019VT3mNtTK7t8qdy4TwT6QYHI9sEZabONHg+aw==",
        "dependencies": {}
      },
      "@esbuild/win32-ia32@0.22.0": {
        "integrity": "sha512-IOgwn+mYTM3RrcydP4Og5IpXh+ftN8oF+HELTXSmbWBlujuci4Qa3DTeO+LEErceisI7KUSfEIiX+WOUlpELkw==",
        "dependencies": {}
      },
      "@esbuild/win32-x64@0.20.2": {
        "integrity": "sha512-N49X4lJX27+l9jbLKSqZ6bKNjzQvHaT8IIFUy+YIqmXQdjYCToGWwOItDrfby14c78aDd5NHQl29xingXfCdLQ==",
        "dependencies": {}
      },
      "@esbuild/win32-x64@0.21.4": {
        "integrity": "sha512-sywLRD3UK/qRJt0oBwdpYLBibk7KiRfbswmWRDabuncQYSlf8aLEEUor/oP6KRz8KEG+HoiVLBhPRD5JWjS8Sg==",
        "dependencies": {}
      },
      "@esbuild/win32-x64@0.22.0": {
        "integrity": "sha512-4bDHJrk2WHBXJPhy1y80X7/5b5iZTZP3LGcKIlAP1J+KqZ4zQAPMLEzftGyjjfcKbA4JDlPt/+2R/F1ZTeRgrw==",
        "dependencies": {}
      },
      "@types/node@18.16.19": {
        "integrity": "sha512-IXl7o+R9iti9eBW4Wg2hx1xQDig183jj7YLn8F7udNceyfkbn1ZxmzZXuak20gR40D7pIkIY1kYGx5VIGbaHKA==",
        "dependencies": {}
      },
      "@types/prop-types@15.7.12": {
        "integrity": "sha512-5zvhXYtRNRluoE/jAp4GVsSduVUzNWKkOZrCDBWYtE7biZywwdC2AcEzg+cSMLFRfVgeAFqpfNabiPjxFddV1Q==",
        "dependencies": {}
      },
      "@types/react@18.3.3": {
        "integrity": "sha512-hti/R0pS0q1/xx+TsI73XIqk26eBsISZ2R0wUijXIngRK9R/e7Xw/cXVxQK7R5JjW+SV4zGcn5hXjudkN/pLIw==",
        "dependencies": {
          "@types/prop-types": "@types/prop-types@15.7.12",
          "csstype": "csstype@3.1.3"
        }
      },
      "csstype@3.1.3": {
        "integrity": "sha512-M1uQkMl8rQK/szD0LNhtqxIPLpimGm8sOBwU7lLnCpSbTyY3yeU1Vc7l4KT5zT4s/yOxHH5O7tIuuLOCnLADRw==",
        "dependencies": {}
      },
      "esbuild@0.20.2": {
        "integrity": "sha512-WdOOppmUNU+IbZ0PaDiTst80zjnrOkyJNHoKupIcVyU8Lvla3Ugx94VzkQ32Ijqd7UhHJy75gNWDMUekcrSJ6g==",
        "dependencies": {
          "@esbuild/aix-ppc64": "@esbuild/aix-ppc64@0.20.2",
          "@esbuild/android-arm": "@esbuild/android-arm@0.20.2",
          "@esbuild/android-arm64": "@esbuild/android-arm64@0.20.2",
          "@esbuild/android-x64": "@esbuild/android-x64@0.20.2",
          "@esbuild/darwin-arm64": "@esbuild/darwin-arm64@0.20.2",
          "@esbuild/darwin-x64": "@esbuild/darwin-x64@0.20.2",
          "@esbuild/freebsd-arm64": "@esbuild/freebsd-arm64@0.20.2",
          "@esbuild/freebsd-x64": "@esbuild/freebsd-x64@0.20.2",
          "@esbuild/linux-arm": "@esbuild/linux-arm@0.20.2",
          "@esbuild/linux-arm64": "@esbuild/linux-arm64@0.20.2",
          "@esbuild/linux-ia32": "@esbuild/linux-ia32@0.20.2",
          "@esbuild/linux-loong64": "@esbuild/linux-loong64@0.20.2",
          "@esbuild/linux-mips64el": "@esbuild/linux-mips64el@0.20.2",
          "@esbuild/linux-ppc64": "@esbuild/linux-ppc64@0.20.2",
          "@esbuild/linux-riscv64": "@esbuild/linux-riscv64@0.20.2",
          "@esbuild/linux-s390x": "@esbuild/linux-s390x@0.20.2",
          "@esbuild/linux-x64": "@esbuild/linux-x64@0.20.2",
          "@esbuild/netbsd-x64": "@esbuild/netbsd-x64@0.20.2",
          "@esbuild/openbsd-x64": "@esbuild/openbsd-x64@0.20.2",
          "@esbuild/sunos-x64": "@esbuild/sunos-x64@0.20.2",
          "@esbuild/win32-arm64": "@esbuild/win32-arm64@0.20.2",
          "@esbuild/win32-ia32": "@esbuild/win32-ia32@0.20.2",
          "@esbuild/win32-x64": "@esbuild/win32-x64@0.20.2"
        }
      },
      "esbuild@0.21.4": {
        "integrity": "sha512-sFMcNNrj+Q0ZDolrp5pDhH0nRPN9hLIM3fRPwgbLYJeSHHgnXSnbV3xYgSVuOeLWH9c73VwmEverVzupIv5xuA==",
        "dependencies": {
          "@esbuild/aix-ppc64": "@esbuild/aix-ppc64@0.21.4",
          "@esbuild/android-arm": "@esbuild/android-arm@0.21.4",
          "@esbuild/android-arm64": "@esbuild/android-arm64@0.21.4",
          "@esbuild/android-x64": "@esbuild/android-x64@0.21.4",
          "@esbuild/darwin-arm64": "@esbuild/darwin-arm64@0.21.4",
          "@esbuild/darwin-x64": "@esbuild/darwin-x64@0.21.4",
          "@esbuild/freebsd-arm64": "@esbuild/freebsd-arm64@0.21.4",
          "@esbuild/freebsd-x64": "@esbuild/freebsd-x64@0.21.4",
          "@esbuild/linux-arm": "@esbuild/linux-arm@0.21.4",
          "@esbuild/linux-arm64": "@esbuild/linux-arm64@0.21.4",
          "@esbuild/linux-ia32": "@esbuild/linux-ia32@0.21.4",
          "@esbuild/linux-loong64": "@esbuild/linux-loong64@0.21.4",
          "@esbuild/linux-mips64el": "@esbuild/linux-mips64el@0.21.4",
          "@esbuild/linux-ppc64": "@esbuild/linux-ppc64@0.21.4",
          "@esbuild/linux-riscv64": "@esbuild/linux-riscv64@0.21.4",
          "@esbuild/linux-s390x": "@esbuild/linux-s390x@0.21.4",
          "@esbuild/linux-x64": "@esbuild/linux-x64@0.21.4",
          "@esbuild/netbsd-x64": "@esbuild/netbsd-x64@0.21.4",
          "@esbuild/openbsd-x64": "@esbuild/openbsd-x64@0.21.4",
          "@esbuild/sunos-x64": "@esbuild/sunos-x64@0.21.4",
          "@esbuild/win32-arm64": "@esbuild/win32-arm64@0.21.4",
          "@esbuild/win32-ia32": "@esbuild/win32-ia32@0.21.4",
          "@esbuild/win32-x64": "@esbuild/win32-x64@0.21.4"
        }
      },
      "esbuild@0.22.0": {
        "integrity": "sha512-zNYA6bFZsVnsU481FnGAQjLDW0Pl/8BGG7EvAp15RzUvGC+ME7hf1q7LvIfStEQBz/iEHuBJCYcOwPmNCf1Tlw==",
        "dependencies": {
          "@esbuild/aix-ppc64": "@esbuild/aix-ppc64@0.22.0",
          "@esbuild/android-arm": "@esbuild/android-arm@0.22.0",
          "@esbuild/android-arm64": "@esbuild/android-arm64@0.22.0",
          "@esbuild/android-x64": "@esbuild/android-x64@0.22.0",
          "@esbuild/darwin-arm64": "@esbuild/darwin-arm64@0.22.0",
          "@esbuild/darwin-x64": "@esbuild/darwin-x64@0.22.0",
          "@esbuild/freebsd-arm64": "@esbuild/freebsd-arm64@0.22.0",
          "@esbuild/freebsd-x64": "@esbuild/freebsd-x64@0.22.0",
          "@esbuild/linux-arm": "@esbuild/linux-arm@0.22.0",
          "@esbuild/linux-arm64": "@esbuild/linux-arm64@0.22.0",
          "@esbuild/linux-ia32": "@esbuild/linux-ia32@0.22.0",
          "@esbuild/linux-loong64": "@esbuild/linux-loong64@0.22.0",
          "@esbuild/linux-mips64el": "@esbuild/linux-mips64el@0.22.0",
          "@esbuild/linux-ppc64": "@esbuild/linux-ppc64@0.22.0",
          "@esbuild/linux-riscv64": "@esbuild/linux-riscv64@0.22.0",
          "@esbuild/linux-s390x": "@esbuild/linux-s390x@0.22.0",
          "@esbuild/linux-x64": "@esbuild/linux-x64@0.22.0",
          "@esbuild/netbsd-x64": "@esbuild/netbsd-x64@0.22.0",
          "@esbuild/openbsd-arm64": "@esbuild/openbsd-arm64@0.22.0",
          "@esbuild/openbsd-x64": "@esbuild/openbsd-x64@0.22.0",
          "@esbuild/sunos-x64": "@esbuild/sunos-x64@0.22.0",
          "@esbuild/win32-arm64": "@esbuild/win32-arm64@0.22.0",
          "@esbuild/win32-ia32": "@esbuild/win32-ia32@0.22.0",
          "@esbuild/win32-x64": "@esbuild/win32-x64@0.22.0"
        }
      },
      "js-tokens@4.0.0": {
        "integrity": "sha512-RdJUflcE3cUzKiMqQgsCu06FPu9UdIJO0beYbPhHN4k6apgJtifcoCtT9bcxOpYBtpD2kCM6Sbzg4CausW/PKQ==",
        "dependencies": {}
      },
      "loose-envify@1.4.0": {
        "integrity": "sha512-lyuxPGr/Wfhrlem2CL/UcnUc1zcqKAImBDzukY7Y5F/yQiNdko6+fRLevlw1HgMySw7f611UIY408EtxRSoK3Q==",
        "dependencies": {
          "js-tokens": "js-tokens@4.0.0"
        }
      },
      "react@18.3.1": {
        "integrity": "sha512-wS+hAgJShR0KhEvPJArfuPVN1+Hz1t0Y6n5jLrGQbkb4urgPE/0Rve+1kMB1v/oWgHgm4WIcV+i7F2pTVj+2iQ==",
        "dependencies": {
          "loose-envify": "loose-envify@1.4.0"
        }
      }
    }
  },
  "redirects": {
    "https://deno.land/x/jose/index.ts": "https://deno.land/x/jose@v5.3.0/index.ts"
  },
  "remote": {},
  "workspace": {
    "dependencies": [
      "jsr:@std/collections@^0.224.2",
      "jsr:@std/expect@^0.224.2",
      "jsr:@std/path@^0.225.1",
      "jsr:@std/regexp@^0.224.1",
      "jsr:@std/testing@^0.224.0",
      "jsr:@std/url@^0.224.0",
      "npm:esbuild@^0.22.0"
    ]
  }
}
